
Microsoft Visual Studio Solution File, Format Version 12.00
# Visual Studio Version 17
VisualStudioVersion = 17.4.33103.184
MinimumVisualStudioVersion = 10.0.40219.1
Project("{FAE04EC0-301F-11D3-BF4B-00C04F79EFBC}") = "ClassLibrary1", "ClassLibrary1\ClassLibrary1.csproj", "{D3E45E6B-2902-4C23-B7F0-FF5F5101BCD1}"
EndProject
Project("{FAE04EC0-301F-11D3-BF4B-00C04F79EFBC}") = "ClassLibrary2", "ClassLibrary2\ClassLibrary2.csproj", "{0993C6ED-7D07-46DF-B1F4-A062013D2D88}"
EndProject
Global
	GlobalSection(SolutionConfigurationPlatforms) = preSolution
		Debug|Any CPU = Debug|Any CPU
		Release|Any CPU = Release|Any CPU
	EndGlobalSection
	GlobalSection(ProjectConfigurationPlatforms) = postSolution
		{D3E45E6B-2902-4C23-B7F0-FF5F5101BCD1}.Debug|Any CPU.ActiveCfg = Debug|Any CPU
		{D3E45E6B-2902-4C23-B7F0-FF5F5101BCD1}.Debug|Any CPU.Build.0 = Debug|Any CPU
		{D3E45E6B-2902-4C23-B7F0-FF5F5101BCD1}.Release|Any CPU.ActiveCfg = Release|Any CPU
		{D3E45E6B-2902-4C23-B7F0-FF5F5101BCD1}.Release|Any CPU.Build.0 = Release|Any CPU
		{0993C6ED-7D07-46DF-B1F4-A062013D2D88}.Debug|Any CPU.ActiveCfg = Debug|Any CPU
		{0993C6ED-7D07-46DF-B1F4-A062013D2D88}.Debug|Any CPU.Build.0 = Debug|Any CPU
		{0993C6ED-7D07-46DF-B1F4-A062013D2D88}.Release|Any CPU.ActiveCfg = Release|Any CPU
		{0993C6ED-7D07-46DF-B1F4-A062013D2D88}.Release|Any CPU.Build.0 = Release|Any CPU
	EndGlobalSection
	GlobalSection(SolutionProperties) = preSolution
		HideSolutionNode = FALSE
	EndGlobalSection
	GlobalSection(ExtensibilityGlobals) = postSolution
		SolutionGuid = {4520AE75-286B-4EE6-BCF5-1F2A51DCAF55}
	EndGlobalSection
EndGlobal
